
Microsoft Visual Studio Solution File, Format Version 11.00
# Visual Studio 2010
Project("{FAE04EC0-301F-11D3-BF4B-00C04F79EFBC}") = "Management.Tests", "Management.Tests\Management.Tests.csproj", "{22923EC2-41A6-47F2-A95B-858C4B79B280}"
EndProject
Project("{FAE04EC0-301F-11D3-BF4B-00C04F79EFBC}") = "Management.Web", "Management.Web\Management.Web.csproj", "{743F8B88-07B8-4F51-BAC9-589DF33D66CC}"
EndProject
Project("{FAE04EC0-301F-11D3-BF4B-00C04F79EFBC}") = "Management.BLL", "Management.BLL\Management.BLL.csproj", "{FDDD8D80-28AE-4AC5-9EA6-575571F776C1}"
EndProject
Project("{FAE04EC0-301F-11D3-BF4B-00C04F79EFBC}") = "Management.DAL", "Management.DAL\Management.DAL.csproj", "{329098B3-03FF-4ED3-8A91-93436E08AA7A}"
EndProject
Project("{FAE04EC0-301F-11D3-BF4B-00C04F79EFBC}") = "Management.Model", "Management.Model\Management.Model.csproj", "{BD501093-91BD-45C5-B059-B3175FD03214}"
EndProject
Global
	GlobalSection(SolutionConfigurationPlatforms) = preSolution
		Debug|Any CPU = Debug|Any CPU
		Release|Any CPU = Release|Any CPU
	EndGlobalSection
	GlobalSection(ProjectConfigurationPlatforms) = postSolution
		{22923EC2-41A6-47F2-A95B-858C4B79B280}.Debug|Any CPU.ActiveCfg = Debug|Any CPU
		{22923EC2-41A6-47F2-A95B-858C4B79B280}.Debug|Any CPU.Build.0 = Debug|Any CPU
		{22923EC2-41A6-47F2-A95B-858C4B79B280}.Release|Any CPU.ActiveCfg = Release|Any CPU
		{22923EC2-41A6-47F2-A95B-858C4B79B280}.Release|Any CPU.Build.0 = Release|Any CPU
		{743F8B88-07B8-4F51-BAC9-589DF33D66CC}.Debug|Any CPU.ActiveCfg = Debug|Any CPU
		{743F8B88-07B8-4F51-BAC9-589DF33D66CC}.Debug|Any CPU.Build.0 = Debug|Any CPU
		{743F8B88-07B8-4F51-BAC9-589DF33D66CC}.Release|Any CPU.ActiveCfg = Release|Any CPU
		{743F8B88-07B8-4F51-BAC9-589DF33D66CC}.Release|Any CPU.Build.0 = Release|Any CPU
		{FDDD8D80-28AE-4AC5-9EA6-575571F776C1}.Debug|Any CPU.ActiveCfg = Debug|Any CPU
		{FDDD8D80-28AE-4AC5-9EA6-575571F776C1}.Debug|Any CPU.Build.0 = Debug|Any CPU
		{FDDD8D80-28AE-4AC5-9EA6-575571F776C1}.Release|Any CPU.ActiveCfg = Release|Any CPU
		{FDDD8D80-28AE-4AC5-9EA6-575571F776C1}.Release|Any CPU.Build.0 = Release|Any CPU
		{329098B3-03FF-4ED3-8A91-93436E08AA7A}.Debug|Any CPU.ActiveCfg = Debug|Any CPU
		{329098B3-03FF-4ED3-8A91-93436E08AA7A}.Debug|Any CPU.Build.0 = Debug|Any CPU
		{329098B3-03FF-4ED3-8A91-93436E08AA7A}.Release|Any CPU.ActiveCfg = Release|Any CPU
		{329098B3-03FF-4ED3-8A91-93436E08AA7A}.Release|Any CPU.Build.0 = Release|Any CPU
		{BD501093-91BD-45C5-B059-B3175FD03214}.Debug|Any CPU.ActiveCfg = Debug|Any CPU
		{BD501093-91BD-45C5-B059-B3175FD03214}.Debug|Any CPU.Build.0 = Debug|Any CPU
		{BD501093-91BD-45C5-B059-B3175FD03214}.Release|Any CPU.ActiveCfg = Release|Any CPU
		{BD501093-91BD-45C5-B059-B3175FD03214}.Release|Any CPU.Build.0 = Release|Any CPU
	EndGlobalSection
	GlobalSection(SolutionProperties) = preSolution
		HideSolutionNode = FALSE
	EndGlobalSection
EndGlobal
